{
  "name": "beanthealien.github.io",
  "version": "1.0.0",
  "lockfileVersion": 3,
  "requires": true,
  "packages": {
    "": {
      "name": "beanthealien.github.io",
      "version": "1.0.0",
      "license": "ISC",
      "dependencies": {
        "@beanthealien/phantomjs": "^1.0.0"
      }
    },
    "node_modules/@beanthealien/phantomjs": {
      "version": "1.0.0",
      "resolved": "https://registry.npmjs.org/@beanthealien/phantomjs/-/phantomjs-1.0.0.tgz",
      "integrity": "sha512-HrsoMInRzN7y0TWtfB2jbhQybsV0Q9lYDByelAKqTbx+uLqKefh/bxbpzkHguPWURKrrtvqTlIs+OXKZapYrAw==",
      "license": "ISC"
    }
  }
}
